
Microsoft Visual Studio Solution File, Format Version 12.00
# Visual Studio Express 2012 for Windows Desktop
Project("{FAE04EC0-301F-11D3-BF4B-00C04F79EFBC}") = "InformatorioPokedex.Application", "InformatorioPokedex.Application\InformatorioPokedex.Application.csproj", "{91675531-3787-4D8C-9BFE-8F032C6DD39B}"
EndProject
Project("{FAE04EC0-301F-11D3-BF4B-00C04F79EFBC}") = "InformatorioPokedex.Bussiness", "InformatorioPokedex.Bussiness\InformatorioPokedex.Bussiness.csproj", "{3AA7C7FC-F9B0-465E-B2CE-2C0D53D91E97}"
EndProject
Project("{FAE04EC0-301F-11D3-BF4B-00C04F79EFBC}") = "InformatorioPokedex.Data", "InformatorioPokedex.Data\InformatorioPokedex.Data.csproj", "{F9F6F4FB-FF99-4DFE-8F37-6372724A7586}"
EndProject
Global
	GlobalSection(SolutionConfigurationPlatforms) = preSolution
		Debug|Any CPU = Debug|Any CPU
		Release|Any CPU = Release|Any CPU
	EndGlobalSection
	GlobalSection(ProjectConfigurationPlatforms) = postSolution
		{91675531-3787-4D8C-9BFE-8F032C6DD39B}.Debug|Any CPU.ActiveCfg = Debug|Any CPU
		{91675531-3787-4D8C-9BFE-8F032C6DD39B}.Debug|Any CPU.Build.0 = Debug|Any CPU
		{91675531-3787-4D8C-9BFE-8F032C6DD39B}.Release|Any CPU.ActiveCfg = Release|Any CPU
		{91675531-3787-4D8C-9BFE-8F032C6DD39B}.Release|Any CPU.Build.0 = Release|Any CPU
		{3AA7C7FC-F9B0-465E-B2CE-2C0D53D91E97}.Debug|Any CPU.ActiveCfg = Debug|Any CPU
		{3AA7C7FC-F9B0-465E-B2CE-2C0D53D91E97}.Debug|Any CPU.Build.0 = Debug|Any CPU
		{3AA7C7FC-F9B0-465E-B2CE-2C0D53D91E97}.Release|Any CPU.ActiveCfg = Release|Any CPU
		{3AA7C7FC-F9B0-465E-B2CE-2C0D53D91E97}.Release|Any CPU.Build.0 = Release|Any CPU
		{F9F6F4FB-FF99-4DFE-8F37-6372724A7586}.Debug|Any CPU.ActiveCfg = Debug|Any CPU
		{F9F6F4FB-FF99-4DFE-8F37-6372724A7586}.Debug|Any CPU.Build.0 = Debug|Any CPU
		{F9F6F4FB-FF99-4DFE-8F37-6372724A7586}.Release|Any CPU.ActiveCfg = Release|Any CPU
		{F9F6F4FB-FF99-4DFE-8F37-6372724A7586}.Release|Any CPU.Build.0 = Release|Any CPU
	EndGlobalSection
	GlobalSection(SolutionProperties) = preSolution
		HideSolutionNode = FALSE
	EndGlobalSection
EndGlobal
